{
  "nodes": {
    "nixpkgs": {
      "locked": {
        "lastModified": 1775888245,
        "narHash": "sha256-nwASzrRDD1JBEu/o8ekKYEXm/oJW6EMCzCRdrwcLe90=",
        "owner": "NixOS",
        "repo": "nixpkgs",
        "rev": "13043924aaa7375ce482ebe2494338e058282925",
        "type": "github"
      },
      "original": {
        "owner": "NixOS",
        "ref": "nixpkgs-unstable",
        "repo": "nixpkgs",
        "type": "github"
      }
    },
    "root": {
      "inputs": {
        "nixpkgs": "nixpkgs",
        "simit": "simit"
      }
    },
    "simit": {
      "flake": false,
      "locked": {
        "lastModified": 1791026900,
        "narHash": "sha256-jchiqaY0kqPZMJKiX/uI8fYNnS7CB2fTlgVqGXEc868=",
        "owner": "caniko",
        "repo": "simit",
        "rev": "fb0d92f12226e4191b94e9c026f5852f913f3db4",
        "type": "github"
      },
      "original": {
        "owner": "caniko",
        "repo": "simit",
        "rev": "fb0d92f12226e4191b94e9c026f5852f913f3db4",
        "type": "github"
      }
    }
  },
  "root": "root",
  "version": 7
}
